<?xml version="1.0" encoding="utf-8"?>
<Project ToolsVersion="4.0" xmlns="http://schemas.microsoft.com/developer/msbuild/2003">
  <ItemGroup>
    <Filter Include="Source">
      <UniqueIdentifier>{b5ef4c18-c3d6-45d1-9e92-2692dc2a0840}</UniqueIdentifier>
    </Filter>
    <Filter Include="Headers">
      <UniqueIdentifier>{db8d7fab-e362-45eb-b692-f37910298f46}</UniqueIdentifier>
    </Filter>
  </ItemGroup>
  <ItemGroup>
    <ClCompile Include="..\..\src\Task4\main.cpp">
      <Filter>Source</Filter>
    </ClCompile>
    <ClCompile Include="..\..\src\Task4\ConsoleInteraction.cpp">
      <Filter>Source</Filter>
    </ClCompile>
    <ClCompile Include="..\..\src\Task4\StringComparer.cpp">
      <Filter>Source</Filter>
    </ClCompile>
  </ItemGroup>
  <ItemGroup>
    <ClInclude Include="..\..\src\Task4\ConsoleInteraction.h">
      <Filter>Headers</Filter>
    </ClInclude>
    <ClInclude Include="..\..\src\Task4\StringComparer.h">
      <Filter>Headers</Filter>
    </ClInclude>
  </ItemGroup>
</Project>