<?xml version="1.0" encoding="utf-8"?>
<Project ToolsVersion="4.0" xmlns="http://schemas.microsoft.com/developer/msbuild/2003">
  <ItemGroup>
    <ClCompile Include="..\..\src\Task2\Letter.cpp">
      <Filter>Source</Filter>
    </ClCompile>
    <ClCompile Include="..\..\src\Task2\main.cpp">
      <Filter>Source</Filter>
    </ClCompile>
    <ClCompile Include="..\..\src\Task2\Shape2D.cpp">
      <Filter>Source</Filter>
    </ClCompile>
    <ClCompile Include="..\..\src\Task2\ConsoleDataParser.cpp">
      <Filter>Source</Filter>
    </ClCompile>
    <ClCompile Include="..\..\src\Task2\ConsoleInteraction.cpp">
      <Filter>Source</Filter>
    </ClCompile>
  </ItemGroup>
  <ItemGroup>
    <ClInclude Include="..\..\src\Task2\Letter.h">
      <Filter>Headers</Filter>
    </ClInclude>
    <ClInclude Include="..\..\src\Task2\Shape2D.h">
      <Filter>Headers</Filter>
    </ClInclude>
    <ClInclude Include="..\..\src\Task2\ConsoleDataParser.h">
      <Filter>Headers</Filter>
    </ClInclude>
    <ClInclude Include="..\..\src\Task2\ConsoleInteraction.h">
      <Filter>Headers</Filter>
    </ClInclude>
  </ItemGroup>
  <ItemGroup>
    <Filter Include="Headers">
      <UniqueIdentifier>{af73b848-0adc-48ba-9dd0-6edbeb7c8be7}</UniqueIdentifier>
    </Filter>
    <Filter Include="Source">
      <UniqueIdentifier>{3fb30a1c-b855-4106-84ca-cb0bde7277b2}</UniqueIdentifier>
    </Filter>
  </ItemGroup>
</Project>